// !$*UTF8*$!
{
	archiveVersion = 1;
	classes = {
	};
	objectVersion = 46;
	objects = {

/* Begin PBXBuildFile section */
		34E1ABCD1A57DA3900CFD656 /* main.m in Sources */ = {isa = PBXBuildFile; fileRef = 34E1ABCC1A57DA3900CFD656 /* main.m */; };
		34E1ABD01A57DA3900CFD656 /* AppDelegate.m in Sources */ = {isa = PBXBuildFile; fileRef = 34E1ABCF1A57DA3900CFD656 /* AppDelegate.m */; };
		34E1ABD31A57DA3900CFD656 /* ViewController.m in Sources */ = {isa = PBXBuildFile; fileRef = 34E1ABD21A57DA3900CFD656 /* ViewController.m */; };
		34E1ABD81A57DA3900CFD656 /* Images.xcassets in Resources */ = {isa = PBXBuildFile; fileRef = 34E1ABD71A57DA3900CFD656 /* Images.xcassets */; };
		34E1AC001A57DA6200CFD656 /* libopencore-amrnb.a in Frameworks */ = {isa = PBXBuildFile; fileRef = 34E1ABF31A57DA6200CFD656 /* libopencore-amrnb.a */; };
		34E1AC011A57DA6200CFD656 /* YFAudioCache.m in Sources */ = {isa = PBXBuildFile; fileRef = 34E1ABF51A57DA6200CFD656 /* YFAudioCache.m */; };
		34E1AC021A57DA6200CFD656 /* YFAudioConvert.m in Sources */ = {isa = PBXBuildFile; fileRef = 34E1ABF71A57DA6200CFD656 /* YFAudioConvert.m */; };
		34E1AC031A57DA6200CFD656 /* YFAudioDownloader.m in Sources */ = {isa = PBXBuildFile; fileRef = 34E1ABF91A57DA6200CFD656 /* YFAudioDownloader.m */; };
		34E1AC041A57DA6200CFD656 /* YFAudioManager.m in Sources */ = {isa = PBXBuildFile; fileRef = 34E1ABFB1A57DA6200CFD656 /* YFAudioManager.m */; };
		34E1AC051A57DA6200CFD656 /* YFAudioPlayer.m in Sources */ = {isa = PBXBuildFile; fileRef = 34E1ABFD1A57DA6200CFD656 /* YFAudioPlayer.m */; };
		34E1AC061A57DA6200CFD656 /* YFAudioRecorder.m in Sources */ = {isa = PBXBuildFile; fileRef = 34E1ABFF1A57DA6200CFD656 /* YFAudioRecorder.m */; };
		34ED04D91B55EAE900AA7CC8 /* Default-568h@2x.png in Resources */ = {isa = PBXBuildFile; fileRef = 34ED04D81B55EAE900AA7CC8 /* Default-568h@2x.png */; };
/* End PBXBuildFile section */

/* Begin PBXFileReference section */
		34E1ABC71A57DA3900CFD656 /* YFAudioDemo.app */ = {isa = PBXFileReference; explicitFileType = wrapper.application; includeInIndex = 0; path = YFAudioDemo.app; sourceTree = BUILT_PRODUCTS_DIR; };
		34E1ABCB1A57DA3900CFD656 /* Info.plist */ = {isa = PBXFileReference; lastKnownFileType = text.plist.xml; path = Info.plist; sourceTree = "<group>"; };
		34E1ABCC1A57DA3900CFD656 /* main.m */ = {isa = PBXFileReference; lastKnownFileType = sourcecode.c.objc; path = main.m; sourceTree = "<group>"; };
		34E1ABCE1A57DA3900CFD656 /* AppDelegate.h */ = {isa = PBXFileReference; lastKnownFileType = sourcecode.c.h; path = AppDelegate.h; sourceTree = "<group>"; };
		34E1ABCF1A57DA3900CFD656 /* AppDelegate.m */ = {isa = PBXFileReference; lastKnownFileType = sourcecode.c.objc; path = AppDelegate.m; sourceTree = "<group>"; };
		34E1ABD11A57DA3900CFD656 /* ViewController.h */ = {isa = PBXFileReference; lastKnownFileType = sourcecode.c.h; path = ViewController.h; sourceTree = "<group>"; };
		34E1ABD21A57DA3900CFD656 /* ViewController.m */ = {isa = PBXFileReference; lastKnownFileType = sourcecode.c.objc; path = ViewController.m; sourceTree = "<group>"; };
		34E1ABD71A57DA3900CFD656 /* Images.xcassets */ = {isa = PBXFileReference; lastKnownFileType = folder.assetcatalog; path = Images.xcassets; sourceTree = "<group>"; };
		34E1ABF11A57DA6200CFD656 /* interf_dec.h */ = {isa = PBXFileReference; fileEncoding = 4; lastKnownFileType = sourcecode.c.h; path = interf_dec.h; sourceTree = "<group>"; };
		34E1ABF21A57DA6200CFD656 /* interf_enc.h */ = {isa = PBXFileReference; fileEncoding = 4; lastKnownFileType = sourcecode.c.h; path = interf_enc.h; sourceTree = "<group>"; };
		34E1ABF31A57DA6200CFD656 /* libopencore-amrnb.a */ = {isa = PBXFileReference; lastKnownFileType = archive.ar; path = "libopencore-amrnb.a"; sourceTree = "<group>"; };
		34E1ABF41A57DA6200CFD656 /* YFAudioCache.h */ = {isa = PBXFileReference; fileEncoding = 4; lastKnownFileType = sourcecode.c.h; path = YFAudioCache.h; sourceTree = "<group>"; };
		34E1ABF51A57DA6200CFD656 /* YFAudioCache.m */ = {isa = PBXFileReference; fileEncoding = 4; lastKnownFileType = sourcecode.c.objc; path = YFAudioCache.m; sourceTree = "<group>"; };
		34E1ABF61A57DA6200CFD656 /* YFAudioConvert.h */ = {isa = PBXFileReference; fileEncoding = 4; lastKnownFileType = sourcecode.c.h; path = YFAudioConvert.h; sourceTree = "<group>"; };
		34E1ABF71A57DA6200CFD656 /* YFAudioConvert.m */ = {isa = PBXFileReference; fileEncoding = 4; lastKnownFileType = sourcecode.c.objc; path = YFAudioConvert.m; sourceTree = "<group>"; };
		34E1ABF81A57DA6200CFD656 /* YFAudioDownloader.h */ = {isa = PBXFileReference; fileEncoding = 4; lastKnownFileType = sourcecode.c.h; path = YFAudioDownloader.h; sourceTree = "<group>"; };
		34E1ABF91A57DA6200CFD656 /* YFAudioDownloader.m */ = {isa = PBXFileReference; fileEncoding = 4; lastKnownFileType = sourcecode.c.objc; path = YFAudioDownloader.m; sourceTree = "<group>"; };
		34E1ABFA1A57DA6200CFD656 /* YFAudioManager.h */ = {isa = PBXFileReference; fileEncoding = 4; lastKnownFileType = sourcecode.c.h; path = YFAudioManager.h; sourceTree = "<group>"; };
		34E1ABFB1A57DA6200CFD656 /* YFAudioManager.m */ = {isa = PBXFileReference; fileEncoding = 4; lastKnownFileType = sourcecode.c.objc; path = YFAudioManager.m; sourceTree = "<group>"; };
		34E1ABFC1A57DA6200CFD656 /* YFAudioPlayer.h */ = {isa = PBXFileReference; fileEncoding = 4; lastKnownFileType = sourcecode.c.h; path = YFAudioPlayer.h; sourceTree = "<group>"; };
		34E1ABFD1A57DA6200CFD656 /* YFAudioPlayer.m */ = {isa = PBXFileReference; fileEncoding = 4; lastKnownFileType = sourcecode.c.objc; path = YFAudioPlayer.m; sourceTree = "<group>"; };
		34E1ABFE1A57DA6200CFD656 /* YFAudioRecorder.h */ = {isa = PBXFileReference; fileEncoding = 4; lastKnownFileType = sourcecode.c.h; path = YFAudioRecorder.h; sourceTree = "<group>"; };
		34E1ABFF1A57DA6200CFD656 /* YFAudioRecorder.m */ = {isa = PBXFileReference; fileEncoding = 4; lastKnownFileType = sourcecode.c.objc; path = YFAudioRecorder.m; sourceTree = "<group>"; };
		34ED04D81B55EAE900AA7CC8 /* Default-568h@2x.png */ = {isa = PBXFileReference; lastKnownFileType = image.png; name = "Default-568h@2x.png"; path = "../Default-568h@2x.png"; sourceTree = "<group>"; };
/* End PBXFileReference section */

/* Begin PBXFrameworksBuildPhase section */
		34E1ABC41A57DA3900CFD656 /* Frameworks */ = {
			isa = PBXFrameworksBuildPhase;
			buildActionMask = 2147483647;
			files = (
				34E1AC001A57DA6200CFD656 /* libopencore-amrnb.a in Frameworks */,
			);
			runOnlyForDeploymentPostprocessing = 0;
		};
/* End PBXFrameworksBuildPhase section */

/* Begin PBXGroup section */
		34E1ABBE1A57DA3900CFD656 = {
			isa = PBXGroup;
			children = (
				34E1ABF01A57DA6200CFD656 /* YFAudio */,
				34E1ABC91A57DA3900CFD656 /* YFAudioDemo */,
				34E1ABC81A57DA3900CFD656 /* Products */,
			);
			sourceTree = "<group>";
		};
		34E1ABC81A57DA3900CFD656 /* Products */ = {
			isa = PBXGroup;
			children = (
				34E1ABC71A57DA3900CFD656 /* YFAudioDemo.app */,
			);
			name = Products;
			sourceTree = "<group>";
		};
		34E1ABC91A57DA3900CFD656 /* YFAudioDemo */ = {
			isa = PBXGroup;
			children = (
				34ED04D81B55EAE900AA7CC8 /* Default-568h@2x.png */,
				34E1ABCE1A57DA3900CFD656 /* AppDelegate.h */,
				34E1ABCF1A57DA3900CFD656 /* AppDelegate.m */,
				34E1ABD11A57DA3900CFD656 /* ViewController.h */,
				34E1ABD21A57DA3900CFD656 /* ViewController.m */,
				34E1ABD71A57DA3900CFD656 /* Images.xcassets */,
				34E1ABCA1A57DA3900CFD656 /* Supporting Files */,
			);
			path = YFAudioDemo;
			sourceTree = "<group>";
		};
		34E1ABCA1A57DA3900CFD656 /* Supporting Files */ = {
			isa = PBXGroup;
			children = (
				34E1ABCB1A57DA3900CFD656 /* Info.plist */,
				34E1ABCC1A57DA3900CFD656 /* main.m */,
			);
			name = "Supporting Files";
			sourceTree = "<group>";
		};
		34E1ABF01A57DA6200CFD656 /* YFAudio */ = {
			isa = PBXGroup;
			children = (
				34E1ABF11A57DA6200CFD656 /* interf_dec.h */,
				34E1ABF21A57DA6200CFD656 /* interf_enc.h */,
				34E1ABF31A57DA6200CFD656 /* libopencore-amrnb.a */,
				34E1ABF41A57DA6200CFD656 /* YFAudioCache.h */,
				34E1ABF51A57DA6200CFD656 /* YFAudioCache.m */,
				34E1ABF61A57DA6200CFD656 /* YFAudioConvert.h */,
				34E1ABF71A57DA6200CFD656 /* YFAudioConvert.m */,
				34E1ABF81A57DA6200CFD656 /* YFAudioDownloader.h */,
				34E1ABF91A57DA6200CFD656 /* YFAudioDownloader.m */,
				34E1ABFA1A57DA6200CFD656 /* YFAudioManager.h */,
				34E1ABFB1A57DA6200CFD656 /* YFAudioManager.m */,
				34E1ABFC1A57DA6200CFD656 /* YFAudioPlayer.h */,
				34E1ABFD1A57DA6200CFD656 /* YFAudioPlayer.m */,
				34E1ABFE1A57DA6200CFD656 /* YFAudioRecorder.h */,
				34E1ABFF1A57DA6200CFD656 /* YFAudioRecorder.m */,
			);
			name = YFAudio;
			path = YFAudioDemo/YFAudio;
			sourceTree = "<group>";
		};
/* End PBXGroup section */

/* Begin PBXNativeTarget section */
		34E1ABC61A57DA3900CFD656 /* YFAudioDemo */ = {
			isa = PBXNativeTarget;
			buildConfigurationList = 34E1ABEA1A57DA3900CFD656 /* Build configuration list for PBXNativeTarget "YFAudioDemo" */;
			buildPhases = (
				34E1ABC31A57DA3900CFD656 /* Sources */,
				34E1ABC41A57DA3900CFD656 /* Frameworks */,
				34E1ABC51A57DA3900CFD656 /* Resources */,
			);
			buildRules = (
			);
			dependencies = (
			);
			name = YFAudioDemo;
			productName = YFAudioDemo;
			productReference = 34E1ABC71A57DA3900CFD656 /* YFAudioDemo.app */;
			productType = "com.apple.product-type.application";
		};
/* End PBXNativeTarget section */

/* Begin PBXProject section */
		34E1ABBF1A57DA3900CFD656 /* Project object */ = {
			isa = PBXProject;
			attributes = {
				LastUpgradeCheck = 0730;
				ORGANIZATIONNAME = mao;
				TargetAttributes = {
					34E1ABC61A57DA3900CFD656 = {
						CreatedOnToolsVersion = 6.1.1;
					};
				};
			};
			buildConfigurationList = 34E1ABC21A57DA3900CFD656 /* Build configuration list for PBXProject "YFAudioDemo" */;
			compatibilityVersion = "Xcode 3.2";
			developmentRegion = English;
			hasScannedForEncodings = 0;
			knownRegions = (
				en,
				Base,
			);
			mainGroup = 34E1ABBE1A57DA3900CFD656;
			productRefGroup = 34E1ABC81A57DA3900CFD656 /* Products */;
			projectDirPath = "";
			projectRoot = "";
			targets = (
				34E1ABC61A57DA3900CFD656 /* YFAudioDemo */,
			);
		};
/* End PBXProject section */

/* Begin PBXResourcesBuildPhase section */
		34E1ABC51A57DA3900CFD656 /* Resources */ = {
			isa = PBXResourcesBuildPhase;
			buildActionMask = 2147483647;
			files = (
				34E1ABD81A57DA3900CFD656 /* Images.xcassets in Resources */,
				34ED04D91B55EAE900AA7CC8 /* Default-568h@2x.png in Resources */,
			);
			runOnlyForDeploymentPostprocessing = 0;
		};
/* End PBXResourcesBuildPhase section */

/* Begin PBXSourcesBuildPhase section */
		34E1ABC31A57DA3900CFD656 /* Sources */ = {
			isa = PBXSourcesBuildPhase;
			buildActionMask = 2147483647;
			files = (
				34E1AC051A57DA6200CFD656 /* YFAudioPlayer.m in Sources */,
				34E1AC031A57DA6200CFD656 /* YFAudioDownloader.m in Sources */,
				34E1ABD31A57DA3900CFD656 /* ViewController.m in Sources */,
				34E1AC041A57DA6200CFD656 /* YFAudioManager.m in Sources */,
				34E1ABD01A57DA3900CFD656 /* AppDelegate.m in Sources */,
				34E1AC061A57DA6200CFD656 /* YFAudioRecorder.m in Sources */,
				34E1AC011A57DA6200CFD656 /* YFAudioCache.m in Sources */,
				34E1AC021A57DA6200CFD656 /* YFAudioConvert.m in Sources */,
				34E1ABCD1A57DA3900CFD656 /* main.m in Sources */,
			);
			runOnlyForDeploymentPostprocessing = 0;
		};
/* End PBXSourcesBuildPhase section */

/* Begin XCBuildConfiguration section */
		34E1ABE81A57DA3900CFD656 /* Debug */ = {
			isa = XCBuildConfiguration;
			buildSettings = {
				ALWAYS_SEARCH_USER_PATHS = NO;
				CLANG_CXX_LANGUAGE_STANDARD = "gnu++0x";
				CLANG_CXX_LIBRARY = "libc++";
				CLANG_ENABLE_MODULES = YES;
				CLANG_ENABLE_OBJC_ARC = YES;
				CLANG_WARN_BOOL_CONVERSION = YES;
				CLANG_WARN_CONSTANT_CONVERSION = YES;
				CLANG_WARN_DIRECT_OBJC_ISA_USAGE = YES_ERROR;
				CLANG_WARN_EMPTY_BODY = YES;
				CLANG_WARN_ENUM_CONVERSION = YES;
				CLANG_WARN_INT_CONVERSION = YES;
				CLANG_WARN_OBJC_ROOT_CLASS = YES_ERROR;
				CLANG_WARN_UNREACHABLE_CODE = YES;
				CLANG_WARN__DUPLICATE_METHOD_MATCH = YES;
				"CODE_SIGN_IDENTITY[sdk=iphoneos*]" = "iPhone Developer";
				COPY_PHASE_STRIP = NO;
				ENABLE_STRICT_OBJC_MSGSEND = YES;
				ENABLE_TESTABILITY = YES;
				GCC_C_LANGUAGE_STANDARD = gnu99;
				GCC_DYNAMIC_NO_PIC = NO;
				GCC_OPTIMIZATION_LEVEL = 0;
				GCC_PREPROCESSOR_DEFINITIONS = (
					"DEBUG=1",
					"$(inherited)",
				);
				GCC_SYMBOLS_PRIVATE_EXTERN = NO;
				GCC_WARN_64_TO_32_BIT_CONVERSION = YES;
				GCC_WARN_ABOUT_RETURN_TYPE = YES_ERROR;
				GCC_WARN_UNDECLARED_SELECTOR = YES;
				GCC_WARN_UNINITIALIZED_AUTOS = YES_AGGRESSIVE;
				GCC_WARN_UNUSED_FUNCTION = YES;
				GCC_WARN_UNUSED_VARIABLE = YES;
				IPHONEOS_DEPLOYMENT_TARGET = 7.0;
				MTL_ENABLE_DEBUG_INFO = YES;
				ONLY_ACTIVE_ARCH = YES;
				SDKROOT = iphoneos;
			};
			name = Debug;
		};
		34E1ABE91A57DA3900CFD656 /* Release */ = {
			isa = XCBuildConfiguration;
			buildSettings = {
				ALWAYS_SEARCH_USER_PATHS = NO;
				CLANG_CXX_LANGUAGE_STANDARD = "gnu++0x";
				CLANG_CXX_LIBRARY = "libc++";
				CLANG_ENABLE_MODULES = YES;
				CLANG_ENABLE_OBJC_ARC = YES;
				CLANG_WARN_BOOL_CONVERSION = YES;
				CLANG_WARN_CONSTANT_CONVERSION = YES;
				CLANG_WARN_DIRECT_OBJC_ISA_USAGE = YES_ERROR;
				CLANG_WARN_EMPTY_BODY = YES;
				CLANG_WARN_ENUM_CONVERSION = YES;
				CLANG_WARN_INT_CONVERSION = YES;
				CLANG_WARN_OBJC_ROOT_CLASS = YES_ERROR;
				CLANG_WARN_UNREACHABLE_CODE = YES;
				CLANG_WARN__DUPLICATE_METHOD_MATCH = YES;
				"CODE_SIGN_IDENTITY[sdk=iphoneos*]" = "iPhone Developer";
				COPY_PHASE_STRIP = YES;
				ENABLE_NS_ASSERTIONS = NO;
				ENABLE_STRICT_OBJC_MSGSEND = YES;
				GCC_C_LANGUAGE_STANDARD = gnu99;
				GCC_WARN_64_TO_32_BIT_CONVERSION = YES;
				GCC_WARN_ABOUT_RETURN_TYPE = YES_ERROR;
				GCC_WARN_UNDECLARED_SELECTOR = YES;
				GCC_WARN_UNINITIALIZED_AUTOS = YES_AGGRESSIVE;
				GCC_WARN_UNUSED_FUNCTION = YES;
				GCC_WARN_UNUSED_VARIABLE = YES;
				IPHONEOS_DEPLOYMENT_TARGET = 7.0;
				MTL_ENABLE_DEBUG_INFO = NO;
				SDKROOT = iphoneos;
				VALIDATE_PRODUCT = YES;
			};
			name = Release;
		};
		34E1ABEB1A57DA3900CFD656 /* Debug */ = {
			isa = XCBuildConfiguration;
			buildSettings = {
				ASSETCATALOG_COMPILER_APPICON_NAME = AppIcon;
				DEBUG_INFORMATION_FORMAT = dwarf;
				INFOPLIST_FILE = YFAudioDemo/Info.plist;
				IPHONEOS_DEPLOYMENT_TARGET = 7.0;
				LD_RUNPATH_SEARCH_PATHS = "$(inherited) @executable_path/Frameworks";
				LIBRARY_SEARCH_PATHS = (
					"$(inherited)",
					"$(PROJECT_DIR)/YFAudioDemo/YFAudio",
				);
				PRODUCT_BUNDLE_IDENTIFIER = "com.mao.$(PRODUCT_NAME:rfc1034identifier)";
				PRODUCT_NAME = "$(TARGET_NAME)";
			};
			name = Debug;
		};
		34E1ABEC1A57DA3900CFD656 /* Release */ = {
			isa = XCBuildConfiguration;
			buildSettings = {
				ASSETCATALOG_COMPILER_APPICON_NAME = AppIcon;
				DEBUG_INFORMATION_FORMAT = dwarf;
				INFOPLIST_FILE = YFAudioDemo/Info.plist;
				IPHONEOS_DEPLOYMENT_TARGET = 7.0;
				LD_RUNPATH_SEARCH_PATHS = "$(inherited) @executable_path/Frameworks";
				LIBRARY_SEARCH_PATHS = (
					"$(inherited)",
					"$(PROJECT_DIR)/YFAudioDemo/YFAudio",
				);
				PRODUCT_BUNDLE_IDENTIFIER = "com.mao.$(PRODUCT_NAME:rfc1034identifier)";
				PRODUCT_NAME = "$(TARGET_NAME)";
			};
			name = Release;
		};
/* End XCBuildConfiguration section */

/* Begin XCConfigurationList section */
		34E1ABC21A57DA3900CFD656 /* Build configuration list for PBXProject "YFAudioDemo" */ = {
			isa = XCConfigurationList;
			buildConfigurations = (
				34E1ABE81A57DA3900CFD656 /* Debug */,
				34E1ABE91A57DA3900CFD656 /* Release */,
			);
			defaultConfigurationIsVisible = 0;
			defaultConfigurationName = Release;
		};
		34E1ABEA1A57DA3900CFD656 /* Build configuration list for PBXNativeTarget "YFAudioDemo" */ = {
			isa = XCConfigurationList;
			buildConfigurations = (
				34E1ABEB1A57DA3900CFD656 /* Debug */,
				34E1ABEC1A57DA3900CFD656 /* Release */,
			);
			defaultConfigurationIsVisible = 0;
			defaultConfigurationName = Release;
		};
/* End XCConfigurationList section */
	};
	rootObject = 34E1ABBF1A57DA3900CFD656 /* Project object */;
}
